
Microsoft Visual Studio Solution File, Format Version 12.00
# Visual Studio Version 16
VisualStudioVersion = 16.0.33801.447
MinimumVisualStudioVersion = 10.0.40219.1
Project("{FAE04EC0-301F-11D3-BF4B-00C04F79EFBC}") = "JokesWebApp", "JokesWebApp\JokesWebApp.csproj", "{A3E58E64-4B5F-45A3-A4FA-2B685021009E}"
EndProject
Global
	GlobalSection(SolutionConfigurationPlatforms) = preSolution
		Debug|Any CPU = Debug|Any CPU
		Release|Any CPU = Release|Any CPU
	EndGlobalSection
	GlobalSection(ProjectConfigurationPlatforms) = postSolution
		{A3E58E64-4B5F-45A3-A4FA-2B685021009E}.Debug|Any CPU.ActiveCfg = Debug|Any CPU
		{A3E58E64-4B5F-45A3-A4FA-2B685021009E}.Debug|Any CPU.Build.0 = Debug|Any CPU
		{A3E58E64-4B5F-45A3-A4FA-2B685021009E}.Release|Any CPU.ActiveCfg = Release|Any CPU
		{A3E58E64-4B5F-45A3-A4FA-2B685021009E}.Release|Any CPU.Build.0 = Release|Any CPU
	EndGlobalSection
	GlobalSection(SolutionProperties) = preSolution
		HideSolutionNode = FALSE
	EndGlobalSection
	GlobalSection(ExtensibilityGlobals) = postSolution
		SolutionGuid = {4C4A5590-992F-41B8-9F7D-6B910B34D6CB}
	EndGlobalSection
EndGlobal
